// !$*UTF8*$!
{
	archiveVersion = 1;
	classes = {
	};
	objectVersion = 50;
	objects = {

/* Begin PBXBuildFile section */
		26CD55BC23DA7AB900D4F5F8 /* AppDelegate.swift in Sources */ = {isa = PBXBuildFile; fileRef = 26CD55BB23DA7AB900D4F5F8 /* AppDelegate.swift */; };
		26CD55BE23DA7AB900D4F5F8 /* SceneDelegate.swift in Sources */ = {isa = PBXBuildFile; fileRef = 26CD55BD23DA7AB900D4F5F8 /* SceneDelegate.swift */; };
		26CD55C023DA7AB900D4F5F8 /* ContentView.swift in Sources */ = {isa = PBXBuildFile; fileRef = 26CD55BF23DA7AB900D4F5F8 /* ContentView.swift */; };
		26CD55C223DA7ABE00D4F5F8 /* Assets.xcassets in Resources */ = {isa = PBXBuildFile; fileRef = 26CD55C123DA7ABE00D4F5F8 /* Assets.xcassets */; };
		26CD55C523DA7ABE00D4F5F8 /* Preview Assets.xcassets in Resources */ = {isa = PBXBuildFile; fileRef = 26CD55C423DA7ABE00D4F5F8 /* Preview Assets.xcassets */; };
		26CD55C823DA7ABE00D4F5F8 /* LaunchScreen.storyboard in Resources */ = {isa = PBXBuildFile; fileRef = 26CD55C623DA7ABE00D4F5F8 /* LaunchScreen.storyboard */; };
		26CD55D323DA7ABE00D4F5F8 /* HelloWorldTests.swift in Sources */ = {isa = PBXBuildFile; fileRef = 26CD55D223DA7ABE00D4F5F8 /* HelloWorldTests.swift */; };
		26CD55DE23DA7ABE00D4F5F8 /* HelloWorldUITests.swift in Sources */ = {isa = PBXBuildFile; fileRef = 26CD55DD23DA7ABE00D4F5F8 /* HelloWorldUITests.swift */; };
/* End PBXBuildFile section */

/* Begin PBXContainerItemProxy section */
		26CD55CF23DA7ABE00D4F5F8 /* PBXContainerItemProxy */ = {
			isa = PBXContainerItemProxy;
			containerPortal = 26CD55B023DA7AB900D4F5F8 /* Project object */;
			proxyType = 1;
			remoteGlobalIDString = 26CD55B723DA7AB900D4F5F8;
			remoteInfo = HelloWorld;
		};
		26CD55DA23DA7ABE00D4F5F8 /* PBXContainerItemProxy */ = {
			isa = PBXContainerItemProxy;
			containerPortal = 26CD55B023DA7AB900D4F5F8 /* Project object */;
			proxyType = 1;
			remoteGlobalIDString = 26CD55B723DA7AB900D4F5F8;
			remoteInfo = HelloWorld;
		};
/* End PBXContainerItemProxy section */

/* Begin PBXFileReference section */
		26CD55B823DA7AB900D4F5F8 /* HelloWorld.app */ = {isa = PBXFileReference; explicitFileType = wrapper.application; includeInIndex = 0; path = HelloWorld.app; sourceTree = BUILT_PRODUCTS_DIR; };
		26CD55BB23DA7AB900D4F5F8 /* AppDelegate.swift */ = {isa = PBXFileReference; lastKnownFileType = sourcecode.swift; path = AppDelegate.swift; sourceTree = "<group>"; };
		26CD55BD23DA7AB900D4F5F8 /* SceneDelegate.swift */ = {isa = PBXFileReference; lastKnownFileType = sourcecode.swift; path = SceneDelegate.swift; sourceTree = "<group>"; };
		26CD55BF23DA7AB900D4F5F8 /* ContentView.swift */ = {isa = PBXFileReference; lastKnownFileType = sourcecode.swift; path = ContentView.swift; sourceTree = "<group>"; };
		26CD55C123DA7ABE00D4F5F8 /* Assets.xcassets */ = {isa = PBXFileReference; lastKnownFileType = folder.assetcatalog; path = Assets.xcassets; sourceTree = "<group>"; };
		26CD55C423DA7ABE00D4F5F8 /* Preview Assets.xcassets */ = {isa = PBXFileReference; lastKnownFileType = folder.assetcatalog; path = "Preview Assets.xcassets"; sourceTree = "<group>"; };
		26CD55C723DA7ABE00D4F5F8 /* Base */ = {isa = PBXFileReference; lastKnownFileType = file.storyboard; name = Base; path = Base.lproj/LaunchScreen.storyboard; sourceTree = "<group>"; };
		26CD55C923DA7ABE00D4F5F8 /* Info.plist */ = {isa = PBXFileReference; lastKnownFileType = text.plist.xml; path = Info.plist; sourceTree = "<group>"; };
		26CD55CE23DA7ABE00D4F5F8 /* HelloWorldTests.xctest */ = {isa = PBXFileReference; explicitFileType = wrapper.cfbundle; includeInIndex = 0; path = HelloWorldTests.xctest; sourceTree = BUILT_PRODUCTS_DIR; };
		26CD55D223DA7ABE00D4F5F8 /* HelloWorldTests.swift */ = {isa = PBXFileReference; lastKnownFileType = sourcecode.swift; path = HelloWorldTests.swift; sourceTree = "<group>"; };
		26CD55D423DA7ABE00D4F5F8 /* Info.plist */ = {isa = PBXFileReference; lastKnownFileType = text.plist.xml; path = Info.plist; sourceTree = "<group>"; };
		26CD55D923DA7ABE00D4F5F8 /* HelloWorldUITests.xctest */ = {isa = PBXFileReference; explicitFileType = wrapper.cfbundle; includeInIndex = 0; path = HelloWorldUITests.xctest; sourceTree = BUILT_PRODUCTS_DIR; };
		26CD55DD23DA7ABE00D4F5F8 /* HelloWorldUITests.swift */ = {isa = PBXFileReference; lastKnownFileType = sourcecode.swift; path = HelloWorldUITests.swift; sourceTree = "<group>"; };
		26CD55DF23DA7ABE00D4F5F8 /* Info.plist */ = {isa = PBXFileReference; lastKnownFileType = text.plist.xml; path = Info.plist; sourceTree = "<group>"; };
/* End PBXFileReference section */

/* Begin PBXFrameworksBuildPhase section */
		26CD55B523DA7AB900D4F5F8 /* Frameworks */ = {
			isa = PBXFrameworksBuildPhase;
			buildActionMask = 2147483647;
			files = (
			);
			runOnlyForDeploymentPostprocessing = 0;
		};
		26CD55CB23DA7ABE00D4F5F8 /* Frameworks */ = {
			isa = PBXFrameworksBuildPhase;
			buildActionMask = 2147483647;
			files = (
			);
			runOnlyForDeploymentPostprocessing = 0;
		};
		26CD55D623DA7ABE00D4F5F8 /* Frameworks */ = {
			isa = PBXFrameworksBuildPhase;
			buildActionMask = 2147483647;
			files = (
			);
			runOnlyForDeploymentPostprocessing = 0;
		};
/* End PBXFrameworksBuildPhase section */

/* Begin PBXGroup section */
		26CD55AF23DA7AB900D4F5F8 = {
			isa = PBXGroup;
			children = (
				26CD55BA23DA7AB900D4F5F8 /* HelloWorld */,
				26CD55D123DA7ABE00D4F5F8 /* HelloWorldTests */,
				26CD55DC23DA7ABE00D4F5F8 /* HelloWorldUITests */,
				26CD55B923DA7AB900D4F5F8 /* Products */,
			);
			sourceTree = "<group>";
		};
		26CD55B923DA7AB900D4F5F8 /* Products */ = {
			isa = PBXGroup;
			children = (
				26CD55B823DA7AB900D4F5F8 /* HelloWorld.app */,
				26CD55CE23DA7ABE00D4F5F8 /* HelloWorldTests.xctest */,
				26CD55D923DA7ABE00D4F5F8 /* HelloWorldUITests.xctest */,
			);
			name = Products;
			sourceTree = "<group>";
		};
		26CD55BA23DA7AB900D4F5F8 /* HelloWorld */ = {
			isa = PBXGroup;
			children = (
				26CD55BB23DA7AB900D4F5F8 /* AppDelegate.swift */,
				26CD55BD23DA7AB900D4F5F8 /* SceneDelegate.swift */,
				26CD55BF23DA7AB900D4F5F8 /* ContentView.swift */,
				26CD55C123DA7ABE00D4F5F8 /* Assets.xcassets */,
				26CD55C623DA7ABE00D4F5F8 /* LaunchScreen.storyboard */,
				26CD55C923DA7ABE00D4F5F8 /* Info.plist */,
				26CD55C323DA7ABE00D4F5F8 /* Preview Content */,
			);
			path = HelloWorld;
			sourceTree = "<group>";
		};
		26CD55C323DA7ABE00D4F5F8 /* Preview Content */ = {
			isa = PBXGroup;
			children = (
				26CD55C423DA7ABE00D4F5F8 /* Preview Assets.xcassets */,
			);
			path = "Preview Content";
			sourceTree = "<group>";
		};
		26CD55D123DA7ABE00D4F5F8 /* HelloWorldTests */ = {
			isa = PBXGroup;
			children = (
				26CD55D223DA7ABE00D4F5F8 /* HelloWorldTests.swift */,
				26CD55D423DA7ABE00D4F5F8 /* Info.plist */,
			);
			path = HelloWorldTests;
			sourceTree = "<group>";
		};
		26CD55DC23DA7ABE00D4F5F8 /* HelloWorldUITests */ = {
			isa = PBXGroup;
			children = (
				26CD55DD23DA7ABE00D4F5F8 /* HelloWorldUITests.swift */,
				26CD55DF23DA7ABE00D4F5F8 /* Info.plist */,
			);
			path = HelloWorldUITests;
			sourceTree = "<group>";
		};
/* End PBXGroup section */

/* Begin PBXNativeTarget section */
		26CD55B723DA7AB900D4F5F8 /* HelloWorld */ = {
			isa = PBXNativeTarget;
			buildConfigurationList = 26CD55E223DA7ABE00D4F5F8 /* Build configuration list for PBXNativeTarget "HelloWorld" */;
			buildPhases = (
				26CD55B423DA7AB900D4F5F8 /* Sources */,
				26CD55B523DA7AB900D4F5F8 /* Frameworks */,
				26CD55B623DA7AB900D4F5F8 /* Resources */,
			);
			buildRules = (
			);
			dependencies = (
			);
			name = HelloWorld;
			productName = HelloWorld;
			productReference = 26CD55B823DA7AB900D4F5F8 /* HelloWorld.app */;
			productType = "com.apple.product-type.application";
		};
		26CD55CD23DA7ABE00D4F5F8 /* HelloWorldTests */ = {
			isa = PBXNativeTarget;
			buildConfigurationList = 26CD55E523DA7ABE00D4F5F8 /* Build configuration list for PBXNativeTarget "HelloWorldTests" */;
			buildPhases = (
				26CD55CA23DA7ABE00D4F5F8 /* Sources */,
				26CD55CB23DA7ABE00D4F5F8 /* Frameworks */,
				26CD55CC23DA7ABE00D4F5F8 /* Resources */,
			);
			buildRules = (
			);
			dependencies = (
				26CD55D023DA7ABE00D4F5F8 /* PBXTargetDependency */,
			);
			name = HelloWorldTests;
			productName = HelloWorldTests;
			productReference = 26CD55CE23DA7ABE00D4F5F8 /* HelloWorldTests.xctest */;
			productType = "com.apple.product-type.bundle.unit-test";
		};
		26CD55D823DA7ABE00D4F5F8 /* HelloWorldUITests */ = {
			isa = PBXNativeTarget;
			buildConfigurationList = 26CD55E823DA7ABE00D4F5F8 /* Build configuration list for PBXNativeTarget "HelloWorldUITests" */;
			buildPhases = (
				26CD55D523DA7ABE00D4F5F8 /* Sources */,
				26CD55D623DA7ABE00D4F5F8 /* Frameworks */,
				26CD55D723DA7ABE00D4F5F8 /* Resources */,
			);
			buildRules = (
			);
			dependencies = (
				26CD55DB23DA7ABE00D4F5F8 /* PBXTargetDependency */,
			);
			name = HelloWorldUITests;
			productName = HelloWorldUITests;
			productReference = 26CD55D923DA7ABE00D4F5F8 /* HelloWorldUITests.xctest */;
			productType = "com.apple.product-type.bundle.ui-testing";
		};
/* End PBXNativeTarget section */

/* Begin PBXProject section */
		26CD55B023DA7AB900D4F5F8 /* Project object */ = {
			isa = PBXProject;
			attributes = {
				LastSwiftUpdateCheck = 1130;
				LastUpgradeCheck = 1130;
				ORGANIZATIONNAME = "Ajinkya Wani";
				TargetAttributes = {
					26CD55B723DA7AB900D4F5F8 = {
						CreatedOnToolsVersion = 11.3;
					};
					26CD55CD23DA7ABE00D4F5F8 = {
						CreatedOnToolsVersion = 11.3;
						TestTargetID = 26CD55B723DA7AB900D4F5F8;
					};
					26CD55D823DA7ABE00D4F5F8 = {
						CreatedOnToolsVersion = 11.3;
						TestTargetID = 26CD55B723DA7AB900D4F5F8;
					};
				};
			};
			buildConfigurationList = 26CD55B323DA7AB900D4F5F8 /* Build configuration list for PBXProject "HelloWorld" */;
			compatibilityVersion = "Xcode 9.3";
			developmentRegion = en;
			hasScannedForEncodings = 0;
			knownRegions = (
				en,
				Base,
			);
			mainGroup = 26CD55AF23DA7AB900D4F5F8;
			productRefGroup = 26CD55B923DA7AB900D4F5F8 /* Products */;
			projectDirPath = "";
			projectRoot = "";
			targets = (
				26CD55B723DA7AB900D4F5F8 /* HelloWorld */,
				26CD55CD23DA7ABE00D4F5F8 /* HelloWorldTests */,
				26CD55D823DA7ABE00D4F5F8 /* HelloWorldUITests */,
			);
		};
/* End PBXProject section */

/* Begin PBXResourcesBuildPhase section */
		26CD55B623DA7AB900D4F5F8 /* Resources */ = {
			isa = PBXResourcesBuildPhase;
			buildActionMask = 2147483647;
			files = (
				26CD55C823DA7ABE00D4F5F8 /* LaunchScreen.storyboard in Resources */,
				26CD55C523DA7ABE00D4F5F8 /* Preview Assets.xcassets in Resources */,
				26CD55C223DA7ABE00D4F5F8 /* Assets.xcassets in Resources */,
			);
			runOnlyForDeploymentPostprocessing = 0;
		};
		26CD55CC23DA7ABE00D4F5F8 /* Resources */ = {
			isa = PBXResourcesBuildPhase;
			buildActionMask = 2147483647;
			files = (
			);
			runOnlyForDeploymentPostprocessing = 0;
		};
		26CD55D723DA7ABE00D4F5F8 /* Resources */ = {
			isa = PBXResourcesBuildPhase;
			buildActionMask = 2147483647;
			files = (
			);
			runOnlyForDeploymentPostprocessing = 0;
		};
/* End PBXResourcesBuildPhase section */

/* Begin PBXSourcesBuildPhase section */
		26CD55B423DA7AB900D4F5F8 /* Sources */ = {
			isa = PBXSourcesBuildPhase;
			buildActionMask = 2147483647;
			files = (
				26CD55BC23DA7AB900D4F5F8 /* AppDelegate.swift in Sources */,
				26CD55BE23DA7AB900D4F5F8 /* SceneDelegate.swift in Sources */,
				26CD55C023DA7AB900D4F5F8 /* ContentView.swift in Sources */,
			);
			runOnlyForDeploymentPostprocessing = 0;
		};
		26CD55CA23DA7ABE00D4F5F8 /* Sources */ = {
			isa = PBXSourcesBuildPhase;
			buildActionMask = 2147483647;
			files = (
				26CD55D323DA7ABE00D4F5F8 /* HelloWorldTests.swift in Sources */,
			);
			runOnlyForDeploymentPostprocessing = 0;
		};
		26CD55D523DA7ABE00D4F5F8 /* Sources */ = {
			isa = PBXSourcesBuildPhase;
			buildActionMask = 2147483647;
			files = (
				26CD55DE23DA7ABE00D4F5F8 /* HelloWorldUITests.swift in Sources */,
			);
			runOnlyForDeploymentPostprocessing = 0;
		};
/* End PBXSourcesBuildPhase section */

/* Begin PBXTargetDependency section */
		26CD55D023DA7ABE00D4F5F8 /* PBXTargetDependency */ = {
			isa = PBXTargetDependency;
			target = 26CD55B723DA7AB900D4F5F8 /* HelloWorld */;
			targetProxy = 26CD55CF23DA7ABE00D4F5F8 /* PBXContainerItemProxy */;
		};
		26CD55DB23DA7ABE00D4F5F8 /* PBXTargetDependency */ = {
			isa = PBXTargetDependency;
			target = 26CD55B723DA7AB900D4F5F8 /* HelloWorld */;
			targetProxy = 26CD55DA23DA7ABE00D4F5F8 /* PBXContainerItemProxy */;
		};
/* End PBXTargetDependency section */

/* Begin PBXVariantGroup section */
		26CD55C623DA7ABE00D4F5F8 /* LaunchScreen.storyboard */ = {
			isa = PBXVariantGroup;
			children = (
				26CD55C723DA7ABE00D4F5F8 /* Base */,
			);
			name = LaunchScreen.storyboard;
			sourceTree = "<group>";
		};
/* End PBXVariantGroup section */

/* Begin XCBuildConfiguration section */
		26CD55E023DA7ABE00D4F5F8 /* Debug */ = {
			isa = XCBuildConfiguration;
			buildSettings = {
				ALWAYS_SEARCH_USER_PATHS = NO;
				CLANG_ANALYZER_NONNULL = YES;
				CLANG_ANALYZER_NUMBER_OBJECT_CONVERSION = YES_AGGRESSIVE;
				CLANG_CXX_LANGUAGE_STANDARD = "gnu++14";
				CLANG_CXX_LIBRARY = "libc++";
				CLANG_ENABLE_MODULES = YES;
				CLANG_ENABLE_OBJC_ARC = YES;
				CLANG_ENABLE_OBJC_WEAK = YES;
				CLANG_WARN_BLOCK_CAPTURE_AUTORELEASING = YES;
				CLANG_WARN_BOOL_CONVERSION = YES;
				CLANG_WARN_COMMA = YES;
				CLANG_WARN_CONSTANT_CONVERSION = YES;
				CLANG_WARN_DEPRECATED_OBJC_IMPLEMENTATIONS = YES;
				CLANG_WARN_DIRECT_OBJC_ISA_USAGE = YES_ERROR;
				CLANG_WARN_DOCUMENTATION_COMMENTS = YES;
				CLANG_WARN_EMPTY_BODY = YES;
				CLANG_WARN_ENUM_CONVERSION = YES;
				CLANG_WARN_INFINITE_RECURSION = YES;
				CLANG_WARN_INT_CONVERSION = YES;
				CLANG_WARN_NON_LITERAL_NULL_CONVERSION = YES;
				CLANG_WARN_OBJC_IMPLICIT_RETAIN_SELF = YES;
				CLANG_WARN_OBJC_LITERAL_CONVERSION = YES;
				CLANG_WARN_OBJC_ROOT_CLASS = YES_ERROR;
				CLANG_WARN_RANGE_LOOP_ANALYSIS = YES;
				CLANG_WARN_STRICT_PROTOTYPES = YES;
				CLANG_WARN_SUSPICIOUS_MOVE = YES;
				CLANG_WARN_UNGUARDED_AVAILABILITY = YES_AGGRESSIVE;
				CLANG_WARN_UNREACHABLE_CODE = YES;
				CLANG_WARN__DUPLICATE_METHOD_MATCH = YES;
				COPY_PHASE_STRIP = NO;
				DEBUG_INFORMATION_FORMAT = dwarf;
				ENABLE_STRICT_OBJC_MSGSEND = YES;
				ENABLE_TESTABILITY = YES;
				GCC_C_LANGUAGE_STANDARD = gnu11;
				GCC_DYNAMIC_NO_PIC = NO;
				GCC_NO_COMMON_BLOCKS = YES;
				GCC_OPTIMIZATION_LEVEL = 0;
				GCC_PREPROCESSOR_DEFINITIONS = (
					"DEBUG=1",
					"$(inherited)",
				);
				GCC_WARN_64_TO_32_BIT_CONVERSION = YES;
				GCC_WARN_ABOUT_RETURN_TYPE = YES_ERROR;
				GCC_WARN_UNDECLARED_SELECTOR = YES;
				GCC_WARN_UNINITIALIZED_AUTOS = YES_AGGRESSIVE;
				GCC_WARN_UNUSED_FUNCTION = YES;
				GCC_WARN_UNUSED_VARIABLE = YES;
				IPHONEOS_DEPLOYMENT_TARGET = 13.2;
				MTL_ENABLE_DEBUG_INFO = INCLUDE_SOURCE;
				MTL_FAST_MATH = YES;
				ONLY_ACTIVE_ARCH = YES;
				SDKROOT = iphoneos;
				SWIFT_ACTIVE_COMPILATION_CONDITIONS = DEBUG;
				SWIFT_OPTIMIZATION_LEVEL = "-Onone";
			};
			name = Debug;
		};
		26CD55E123DA7ABE00D4F5F8 /* Release */ = {
			isa = XCBuildConfiguration;
			buildSettings = {
				ALWAYS_SEARCH_USER_PATHS = NO;
				CLANG_ANALYZER_NONNULL = YES;
				CLANG_ANALYZER_NUMBER_OBJECT_CONVERSION = YES_AGGRESSIVE;
				CLANG_CXX_LANGUAGE_STANDARD = "gnu++14";
				CLANG_CXX_LIBRARY = "libc++";
				CLANG_ENABLE_MODULES = YES;
				CLANG_ENABLE_OBJC_ARC = YES;
				CLANG_ENABLE_OBJC_WEAK = YES;
				CLANG_WARN_BLOCK_CAPTURE_AUTORELEASING = YES;
				CLANG_WARN_BOOL_CONVERSION = YES;
				CLANG_WARN_COMMA = YES;
				CLANG_WARN_CONSTANT_CONVERSION = YES;
				CLANG_WARN_DEPRECATED_OBJC_IMPLEMENTATIONS = YES;
				CLANG_WARN_DIRECT_OBJC_ISA_USAGE = YES_ERROR;
				CLANG_WARN_DOCUMENTATION_COMMENTS = YES;
				CLANG_WARN_EMPTY_BODY = YES;
				CLANG_WARN_ENUM_CONVERSION = YES;
				CLANG_WARN_INFINITE_RECURSION = YES;
				CLANG_WARN_INT_CONVERSION = YES;
				CLANG_WARN_NON_LITERAL_NULL_CONVERSION = YES;
				CLANG_WARN_OBJC_IMPLICIT_RETAIN_SELF = YES;
				CLANG_WARN_OBJC_LITERAL_CONVERSION = YES;
				CLANG_WARN_OBJC_ROOT_CLASS = YES_ERROR;
				CLANG_WARN_RANGE_LOOP_ANALYSIS = YES;
				CLANG_WARN_STRICT_PROTOTYPES = YES;
				CLANG_WARN_SUSPICIOUS_MOVE = YES;
				CLANG_WARN_UNGUARDED_AVAILABILITY = YES_AGGRESSIVE;
				CLANG_WARN_UNREACHABLE_CODE = YES;
				CLANG_WARN__DUPLICATE_METHOD_MATCH = YES;
				COPY_PHASE_STRIP = NO;
				DEBUG_INFORMATION_FORMAT = "dwarf-with-dsym";
				ENABLE_NS_ASSERTIONS = NO;
				ENABLE_STRICT_OBJC_MSGSEND = YES;
				GCC_C_LANGUAGE_STANDARD = gnu11;
				GCC_NO_COMMON_BLOCKS = YES;
				GCC_WARN_64_TO_32_BIT_CONVERSION = YES;
				GCC_WARN_ABOUT_RETURN_TYPE = YES_ERROR;
				GCC_WARN_UNDECLARED_SELECTOR = YES;
				GCC_WARN_UNINITIALIZED_AUTOS = YES_AGGRESSIVE;
				GCC_WARN_UNUSED_FUNCTION = YES;
				GCC_WARN_UNUSED_VARIABLE = YES;
				IPHONEOS_DEPLOYMENT_TARGET = 13.2;
				MTL_ENABLE_DEBUG_INFO = NO;
				MTL_FAST_MATH = YES;
				SDKROOT = iphoneos;
				SWIFT_COMPILATION_MODE = wholemodule;
				SWIFT_OPTIMIZATION_LEVEL = "-O";
				VALIDATE_PRODUCT = YES;
			};
			name = Release;
		};
		26CD55E323DA7ABE00D4F5F8 /* Debug */ = {
			isa = XCBuildConfiguration;
			buildSettings = {
				ASSETCATALOG_COMPILER_APPICON_NAME = AppIcon;
				CODE_SIGN_STYLE = Automatic;
				DEVELOPMENT_ASSET_PATHS = "\"HelloWorld/Preview Content\"";
				ENABLE_PREVIEWS = YES;
				INFOPLIST_FILE = HelloWorld/Info.plist;
				LD_RUNPATH_SEARCH_PATHS = (
					"$(inherited)",
					"@executable_path/Frameworks",
				);
				PRODUCT_BUNDLE_IDENTIFIER = edu.newhaven.HelloWorld;
				PRODUCT_NAME = "$(TARGET_NAME)";
				SWIFT_VERSION = 5.0;
				TARGETED_DEVICE_FAMILY = "1,2";
			};
			name = Debug;
		};
		26CD55E423DA7ABE00D4F5F8 /* Release */ = {
			isa = XCBuildConfiguration;
			buildSettings = {
				ASSETCATALOG_COMPILER_APPICON_NAME = AppIcon;
				CODE_SIGN_STYLE = Automatic;
				DEVELOPMENT_ASSET_PATHS = "\"HelloWorld/Preview Content\"";
				ENABLE_PREVIEWS = YES;
				INFOPLIST_FILE = HelloWorld/Info.plist;
				LD_RUNPATH_SEARCH_PATHS = (
					"$(inherited)",
					"@executable_path/Frameworks",
				);
				PRODUCT_BUNDLE_IDENTIFIER = edu.newhaven.HelloWorld;
				PRODUCT_NAME = "$(TARGET_NAME)";
				SWIFT_VERSION = 5.0;
				TARGETED_DEVICE_FAMILY = "1,2";
			};
			name = Release;
		};
		26CD55E623DA7ABE00D4F5F8 /* Debug */ = {
			isa = XCBuildConfiguration;
			buildSettings = {
				ALWAYS_EMBED_SWIFT_STANDARD_LIBRARIES = YES;
				BUNDLE_LOADER = "$(TEST_HOST)";
				CODE_SIGN_STYLE = Automatic;
				INFOPLIST_FILE = HelloWorldTests/Info.plist;
				IPHONEOS_DEPLOYMENT_TARGET = 13.2;
				LD_RUNPATH_SEARCH_PATHS = (
					"$(inherited)",
					"@executable_path/Frameworks",
					"@loader_path/Frameworks",
				);
				PRODUCT_BUNDLE_IDENTIFIER = edu.newhaven.HelloWorldTests;
				PRODUCT_NAME = "$(TARGET_NAME)";
				SWIFT_VERSION = 5.0;
				TARGETED_DEVICE_FAMILY = "1,2";
				TEST_HOST = "$(BUILT_PRODUCTS_DIR)/HelloWorld.app/HelloWorld";
			};
			name = Debug;
		};
		26CD55E723DA7ABE00D4F5F8 /* Release */ = {
			isa = XCBuildConfiguration;
			buildSettings = {
				ALWAYS_EMBED_SWIFT_STANDARD_LIBRARIES = YES;
				BUNDLE_LOADER = "$(TEST_HOST)";
				CODE_SIGN_STYLE = Automatic;
				INFOPLIST_FILE = HelloWorldTests/Info.plist;
				IPHONEOS_DEPLOYMENT_TARGET = 13.2;
				LD_RUNPATH_SEARCH_PATHS = (
					"$(inherited)",
					"@executable_path/Frameworks",
					"@loader_path/Frameworks",
				);
				PRODUCT_BUNDLE_IDENTIFIER = edu.newhaven.HelloWorldTests;
				PRODUCT_NAME = "$(TARGET_NAME)";
				SWIFT_VERSION = 5.0;
				TARGETED_DEVICE_FAMILY = "1,2";
				TEST_HOST = "$(BUILT_PRODUCTS_DIR)/HelloWorld.app/HelloWorld";
			};
			name = Release;
		};
		26CD55E923DA7ABE00D4F5F8 /* Debug */ = {
			isa = XCBuildConfiguration;
			buildSettings = {
				ALWAYS_EMBED_SWIFT_STANDARD_LIBRARIES = YES;
				CODE_SIGN_STYLE = Automatic;
				INFOPLIST_FILE = HelloWorldUITests/Info.plist;
				LD_RUNPATH_SEARCH_PATHS = (
					"$(inherited)",
					"@executable_path/Frameworks",
					"@loader_path/Frameworks",
				);
				PRODUCT_BUNDLE_IDENTIFIER = edu.newhaven.HelloWorldUITests;
				PRODUCT_NAME = "$(TARGET_NAME)";
				SWIFT_VERSION = 5.0;
				TARGETED_DEVICE_FAMILY = "1,2";
				TEST_TARGET_NAME = HelloWorld;
			};
			name = Debug;
		};
		26CD55EA23DA7ABE00D4F5F8 /* Release */ = {
			isa = XCBuildConfiguration;
			buildSettings = {
				ALWAYS_EMBED_SWIFT_STANDARD_LIBRARIES = YES;
				CODE_SIGN_STYLE = Automatic;
				INFOPLIST_FILE = HelloWorldUITests/Info.plist;
				LD_RUNPATH_SEARCH_PATHS = (
					"$(inherited)",
					"@executable_path/Frameworks",
					"@loader_path/Frameworks",
				);
				PRODUCT_BUNDLE_IDENTIFIER = edu.newhaven.HelloWorldUITests;
				PRODUCT_NAME = "$(TARGET_NAME)";
				SWIFT_VERSION = 5.0;
				TARGETED_DEVICE_FAMILY = "1,2";
				TEST_TARGET_NAME = HelloWorld;
			};
			name = Release;
		};
/* End XCBuildConfiguration section */

/* Begin XCConfigurationList section */
		26CD55B323DA7AB900D4F5F8 /* Build configuration list for PBXProject "HelloWorld" */ = {
			isa = XCConfigurationList;
			buildConfigurations = (
				26CD55E023DA7ABE00D4F5F8 /* Debug */,
				26CD55E123DA7ABE00D4F5F8 /* Release */,
			);
			defaultConfigurationIsVisible = 0;
			defaultConfigurationName = Release;
		};
		26CD55E223DA7ABE00D4F5F8 /* Build configuration list for PBXNativeTarget "HelloWorld" */ = {
			isa = XCConfigurationList;
			buildConfigurations = (
				26CD55E323DA7ABE00D4F5F8 /* Debug */,
				26CD55E423DA7ABE00D4F5F8 /* Release */,
			);
			defaultConfigurationIsVisible = 0;
			defaultConfigurationName = Release;
		};
		26CD55E523DA7ABE00D4F5F8 /* Build configuration list for PBXNativeTarget "HelloWorldTests" */ = {
			isa = XCConfigurationList;
			buildConfigurations = (
				26CD55E623DA7ABE00D4F5F8 /* Debug */,
				26CD55E723DA7ABE00D4F5F8 /* Release */,
			);
			defaultConfigurationIsVisible = 0;
			defaultConfigurationName = Release;
		};
		26CD55E823DA7ABE00D4F5F8 /* Build configuration list for PBXNativeTarget "HelloWorldUITests" */ = {
			isa = XCConfigurationList;
			buildConfigurations = (
				26CD55E923DA7ABE00D4F5F8 /* Debug */,
				26CD55EA23DA7ABE00D4F5F8 /* Release */,
			);
			defaultConfigurationIsVisible = 0;
			defaultConfigurationName = Release;
		};
/* End XCConfigurationList section */
	};
	rootObject = 26CD55B023DA7AB900D4F5F8 /* Project object */;
}
